{
  "lockfileVersion": 1,
  "workspaces": {
    "": {
      "dependencies": {
        "@atproto/api": "^0.16.9",
        "@atproto/identity": "^0.4.9",
        "@fontsource-variable/inter": "^5.2.6",
        "lucide-preact": "^0.543.0",
        "preact": "^10.27.1",
      },
      "devDependencies": {
        "@minify-html/node": "^0.16.4",
        "@types/bun": "latest",
        "bun-plugin-tailwind": "^0.0.15",
        "preact-render-to-string": "^6.6.1",
        "tailwindcss": "^4.1.13",
      },
      "peerDependencies": {
        "typescript": "^5",
      },
    },
  },
  "packages": {
    "@atproto/api": ["@atproto/api@0.16.9", "", { "dependencies": { "@atproto/common-web": "^0.4.3", "@atproto/lexicon": "^0.5.1", "@atproto/syntax": "^0.4.1", "@atproto/xrpc": "^0.7.5", "await-lock": "^2.2.2", "multiformats": "^9.9.0", "tlds": "^1.234.0", "zod": "^3.23.8" } }, "sha512-hXbnBIDEIwXxxyduxxZsf0aP8Z+JKyfG7L47FZqAYOI6uNm8oBTLLrHQ2RmJZZeyMIMM17gvxNtPDoULKQfupw=="],

    "@atproto/common-web": ["@atproto/common-web@0.4.3", "", { "dependencies": { "graphemer": "^1.4.0", "multiformats": "^9.9.0", "uint8arrays": "3.0.0", "zod": "^3.23.8" } }, "sha512-nRDINmSe4VycJzPo6fP/hEltBcULFxt9Kw7fQk6405FyAWZiTluYHlXOnU7GkQfeUK44OENG1qFTBcmCJ7e8pg=="],

    "@atproto/crypto": ["@atproto/crypto@0.4.4", "", { "dependencies": { "@noble/curves": "^1.7.0", "@noble/hashes": "^1.6.1", "uint8arrays": "3.0.0" } }, "sha512-Yq9+crJ7WQl7sxStVpHgie5Z51R05etaK9DLWYG/7bR5T4bhdcIgF6IfklLShtZwLYdVVj+K15s0BqW9a8PSDA=="],

    "@atproto/identity": ["@atproto/identity@0.4.9", "", { "dependencies": { "@atproto/common-web": "^0.4.3", "@atproto/crypto": "^0.4.4" } }, "sha512-pRYCaeaEJMZ4vQlRQYYTrF3cMiRp21n/k/pUT1o7dgKby56zuLErDmFXkbKfKWPf7SgWRgamSaNmsGLqAOD7lQ=="],

    "@atproto/lexicon": ["@atproto/lexicon@0.5.1", "", { "dependencies": { "@atproto/common-web": "^0.4.3", "@atproto/syntax": "^0.4.1", "iso-datestring-validator": "^2.2.2", "multiformats": "^9.9.0", "zod": "^3.23.8" } }, "sha512-y8AEtYmfgVl4fqFxqXAeGvhesiGkxiy3CWoJIfsFDDdTlZUC8DFnZrYhcqkIop3OlCkkljvpSJi1hbeC1tbi8A=="],

    "@atproto/syntax": ["@atproto/syntax@0.4.1", "", {}, "sha512-CJdImtLAiFO+0z3BWTtxwk6aY5w4t8orHTMVJgkf++QRJWTxPbIFko/0hrkADB7n2EruDxDSeAgfUGehpH6ngw=="],

    "@atproto/xrpc": ["@atproto/xrpc@0.7.5", "", { "dependencies": { "@atproto/lexicon": "^0.5.1", "zod": "^3.23.8" } }, "sha512-MUYNn5d2hv8yVegRL0ccHvTHAVj5JSnW07bkbiaz96UH45lvYNRVwt44z+yYVnb0/mvBzyD3/ZQ55TRGt7fHkA=="],

    "@fontsource-variable/inter": ["@fontsource-variable/inter@5.2.6", "", {}, "sha512-jks/bficUPQ9nn7GvXvHtlQIPudW7Wx8CrlZoY8bhxgeobNxlQan8DclUJuYF2loYRrGpfrhCIZZspXYysiVGg=="],

    "@minify-html/node": ["@minify-html/node@0.16.4", "", { "optionalDependencies": { "@minify-html/node-darwin-arm64": "0.16.4", "@minify-html/node-darwin-x64": "0.16.4", "@minify-html/node-linux-arm64": "0.16.4", "@minify-html/node-linux-x64": "0.16.4", "@minify-html/node-win32-x64": "0.16.4" }, "bin": { "minify-html": "cli.js" } }, "sha512-ykQgl6xcQQDE1shUExeObPSNwAf00DVUt/GrxdjiqFNCVGu7DXK9nuH29sNTyKKYnJJLZAi6OEib2bDfxW3udg=="],

    "@minify-html/node-darwin-arm64": ["@minify-html/node-darwin-arm64@0.16.4", "", { "os": "darwin", "cpu": "arm64" }, "sha512-9H8hcywDb8zo2jEJfaIAibgsKjMqE+XF7SyqTtJ5H8lVXHxffOkawH4TQtphf9V/x7zXeb/nByAvHe1orJ/RHA=="],

    "@minify-html/node-darwin-x64": ["@minify-html/node-darwin-x64@0.16.4", "", { "os": "darwin", "cpu": "x64" }, "sha512-P0Krf5nwXbccMrC7ragKAIVOENHFoVRQi+v/8k5pmfjrNlxgXGVILacG0FbUZXsH2Z2XaIo39HxuMf70L6wQlA=="],

    "@minify-html/node-linux-arm64": ["@minify-html/node-linux-arm64@0.16.4", "", { "os": "linux", "cpu": "arm64" }, "sha512-GDRExKf7AmyAdBTdhMkMyzFhJu5VeyJTu0OnNH2ekp69JrhQTrrrt9UYqnjen+7qLIaZB/R8urDRAYNk0HZi5w=="],

    "@minify-html/node-linux-x64": ["@minify-html/node-linux-x64@0.16.4", "", { "os": "linux", "cpu": "x64" }, "sha512-MS/gF1gxJoeHqEGcb1xoUIRv6gVin4cGJszgHPYSikzkK8Yg0p6rVOZdDAE4AAnp/NW0DYNq7fwYgw3igmppFw=="],

    "@minify-html/node-win32-x64": ["@minify-html/node-win32-x64@0.16.4", "", { "os": "win32", "cpu": "x64" }, "sha512-SCY7hzIqG1RclU0QzU2MlGtPOujPu6dvaPYqDvhAHpkvRXtX0hnyOrrfqf7GcBdDbASxV8LDlBWpY46JO2cjAA=="],

    "@noble/curves": ["@noble/curves@1.9.7", "", { "dependencies": { "@noble/hashes": "1.8.0" } }, "sha512-gbKGcRUYIjA3/zCCNaWDciTMFI0dCkvou3TL8Zmy5Nc7sJ47a0jtOeZoTaMxkuqRo9cRhjOdZJXegxYE5FN/xw=="],

    "@noble/hashes": ["@noble/hashes@1.8.0", "", {}, "sha512-jCs9ldd7NwzpgXDIf6P3+NrHh9/sD6CQdxHyjQI+h/6rDNo88ypBxxz45UDuZHz9r3tNz7N/VInSVoVdtXEI4A=="],

    "@types/bun": ["@types/bun@1.2.21", "", { "dependencies": { "bun-types": "1.2.21" } }, "sha512-NiDnvEqmbfQ6dmZ3EeUO577s4P5bf4HCTXtI6trMc6f6RzirY5IrF3aIookuSpyslFzrnvv2lmEWv5HyC1X79A=="],

    "@types/node": ["@types/node@24.3.1", "", { "dependencies": { "undici-types": "~7.10.0" } }, "sha512-3vXmQDXy+woz+gnrTvuvNrPzekOi+Ds0ReMxw0LzBiK3a+1k0kQn9f2NWk+lgD4rJehFUmYy2gMhJ2ZI+7YP9g=="],

    "@types/react": ["@types/react@19.1.12", "", { "dependencies": { "csstype": "^3.0.2" } }, "sha512-cMoR+FoAf/Jyq6+Df2/Z41jISvGZZ2eTlnsaJRptmZ76Caldwy1odD4xTr/gNV9VLj0AWgg/nmkevIyUfIIq5w=="],

    "await-lock": ["await-lock@2.2.2", "", {}, "sha512-aDczADvlvTGajTDjcjpJMqRkOF6Qdz3YbPZm/PyW6tKPkx2hlYBzxMhEywM/tU72HrVZjgl5VCdRuMlA7pZ8Gw=="],

    "bun-plugin-tailwind": ["bun-plugin-tailwind@0.0.15", "", { "peerDependencies": { "typescript": "^5.0.0" } }, "sha512-qtAXMNGG4R0UGGI8zWrqm2B7BdXqx48vunJXBPzfDOHPA5WkRUZdTSbE7TFwO4jLhYqSE23YMWsM9NhE6ovobw=="],

    "bun-types": ["bun-types@1.2.21", "", { "dependencies": { "@types/node": "*" }, "peerDependencies": { "@types/react": "^19" } }, "sha512-sa2Tj77Ijc/NTLS0/Odjq/qngmEPZfbfnOERi0KRUYhT9R8M4VBioWVmMWE5GrYbKMc+5lVybXygLdibHaqVqw=="],

    "csstype": ["csstype@3.1.3", "", {}, "sha512-M1uQkMl8rQK/szD0LNhtqxIPLpimGm8sOBwU7lLnCpSbTyY3yeU1Vc7l4KT5zT4s/yOxHH5O7tIuuLOCnLADRw=="],

    "graphemer": ["graphemer@1.4.0", "", {}, "sha512-EtKwoO6kxCL9WO5xipiHTZlSzBm7WLT627TqC/uVRd0HKmq8NXyebnNYxDoBi7wt8eTWrUrKXCOVaFq9x1kgag=="],

    "iso-datestring-validator": ["iso-datestring-validator@2.2.2", "", {}, "sha512-yLEMkBbLZTlVQqOnQ4FiMujR6T4DEcCb1xizmvXS+OxuhwcbtynoosRzdMA69zZCShCNAbi+gJ71FxZBBXx1SA=="],

    "lucide-preact": ["lucide-preact@0.543.0", "", { "peerDependencies": { "preact": "^10.5.13" } }, "sha512-zim4GA378bKyrz2sOSZi3dbjNkrBggzaccD9RnbPJ2S9HRfEAKdTRJHVxsln0Yv5+BeDiL2/ZKTIXYSVLyVEFQ=="],

    "multiformats": ["multiformats@9.9.0", "", {}, "sha512-HoMUjhH9T8DDBNT+6xzkrd9ga/XiBI4xLr58LJACwK6G3HTOPeMz4nB4KJs33L2BelrIJa7P0VuNaVF3hMYfjg=="],

    "preact": ["preact@10.27.1", "", {}, "sha512-V79raXEWch/rbqoNc7nT9E4ep7lu+mI3+sBmfRD4i1M73R3WLYcCtdI0ibxGVf4eQL8ZIz2nFacqEC+rmnOORQ=="],

    "preact-render-to-string": ["preact-render-to-string@6.6.1", "", { "peerDependencies": { "preact": ">=10 || >= 11.0.0-0" } }, "sha512-IIMfXRjmbSP9QmG18WJLQa4Z4yx3J0VC9QN5q9z2XYlWSzFlJ+bSm/AyLyyV/YFwjof1OXFX2Mz6Ao60LXudJg=="],

    "tailwindcss": ["tailwindcss@4.1.13", "", {}, "sha512-i+zidfmTqtwquj4hMEwdjshYYgMbOrPzb9a0M3ZgNa0JMoZeFC6bxZvO8yr8ozS6ix2SDz0+mvryPeBs2TFE+w=="],

    "tlds": ["tlds@1.260.0", "", { "bin": { "tlds": "bin.js" } }, "sha512-78+28EWBhCEE7qlyaHA9OR3IPvbCLiDh3Ckla593TksfFc9vfTsgvH7eS+dr3o9qr31gwGbogcI16yN91PoRjQ=="],

    "typescript": ["typescript@5.9.2", "", { "bin": { "tsc": "bin/tsc", "tsserver": "bin/tsserver" } }, "sha512-CWBzXQrc/qOkhidw1OzBTQuYRbfyxDXJMVJ1XNwUHGROVmuaeiEm3OslpZ1RV96d7SKKjZKrSJu3+t/xlw3R9A=="],

    "uint8arrays": ["uint8arrays@3.0.0", "", { "dependencies": { "multiformats": "^9.4.2" } }, "sha512-HRCx0q6O9Bfbp+HHSfQQKD7wU70+lydKVt4EghkdOvlK/NlrF90z+eXV34mUd48rNvVJXwkrMSPpCATkct8fJA=="],

    "undici-types": ["undici-types@7.10.0", "", {}, "sha512-t5Fy/nfn+14LuOc2KNYg75vZqClpAiqscVvMygNnlsHBFpSXdJaYtXMcdNLpl/Qvc3P2cB3s6lOV51nqsFq4ag=="],

    "zod": ["zod@3.25.76", "", {}, "sha512-gzUt/qt81nXsFGKIFcC3YnfEAx5NkunCfnDlvuBSSFS02bcXu4Lmea0AFIUwbLWxWPx3d9p8S5QoaujKcNQxcQ=="],
  }
}
